
Microsoft Visual Studio Solution File, Format Version 12.00
# Visual Studio Version 16
VisualStudioVersion = 16.0.28822.285
MinimumVisualStudioVersion = 10.0.40219.1
Project("{FAE04EC0-301F-11D3-BF4B-00C04F79EFBC}") = "PowerserveHub", "PowerserveHub\PowerserveHub.csproj", "{53B3E524-DA4D-4041-A8AA-74D35723E9EB}"
EndProject
Global
	GlobalSection(SolutionConfigurationPlatforms) = preSolution
		Debug|Any CPU = Debug|Any CPU
		Release|Any CPU = Release|Any CPU
	EndGlobalSection
	GlobalSection(ProjectConfigurationPlatforms) = postSolution
		{53B3E524-DA4D-4041-A8AA-74D35723E9EB}.Debug|Any CPU.ActiveCfg = Debug|Any CPU
		{53B3E524-DA4D-4041-A8AA-74D35723E9EB}.Debug|Any CPU.Build.0 = Debug|Any CPU
		{53B3E524-DA4D-4041-A8AA-74D35723E9EB}.Release|Any CPU.ActiveCfg = Release|Any CPU
		{53B3E524-DA4D-4041-A8AA-74D35723E9EB}.Release|Any CPU.Build.0 = Release|Any CPU
	EndGlobalSection
	GlobalSection(SolutionProperties) = preSolution
		HideSolutionNode = FALSE
	EndGlobalSection
	GlobalSection(ExtensibilityGlobals) = postSolution
		SolutionGuid = {CD86D036-1BEE-4D35-89C7-2C41DCF9C382}
	EndGlobalSection
EndGlobal
